// !$*UTF8*$!
{
	archiveVersion = 1;
	classes = {
	};
	objectVersion = 50;
	objects = {

/* Begin PBXBuildFile section */
		625CDF182625115A00CC7A5D /* main.swift in Sources */ = {isa = PBXBuildFile; fileRef = 625CDF172625115A00CC7A5D /* main.swift */; };
		625CDF262625119D00CC7A5D /* Solution_test.swift in Sources */ = {isa = PBXBuildFile; fileRef = 625CDF252625119D00CC7A5D /* Solution_test.swift */; };
		625CDF2D262511A600CC7A5D /* main.swift in Sources */ = {isa = PBXBuildFile; fileRef = 625CDF172625115A00CC7A5D /* main.swift */; };
/* End PBXBuildFile section */

/* Begin PBXCopyFilesBuildPhase section */
		625CDF122625115A00CC7A5D /* CopyFiles */ = {
			isa = PBXCopyFilesBuildPhase;
			buildActionMask = 2147483647;
			dstPath = /usr/share/man/man1/;
			dstSubfolderSpec = 0;
			files = (
			);
			runOnlyForDeploymentPostprocessing = 1;
		};
/* End PBXCopyFilesBuildPhase section */

/* Begin PBXFileReference section */
		625CDF142625115A00CC7A5D /* Solution_swift */ = {isa = PBXFileReference; explicitFileType = "compiled.mach-o.executable"; includeInIndex = 0; path = Solution_swift; sourceTree = BUILT_PRODUCTS_DIR; };
		625CDF172625115A00CC7A5D /* main.swift */ = {isa = PBXFileReference; lastKnownFileType = sourcecode.swift; path = main.swift; sourceTree = "<group>"; };
		625CDF232625119D00CC7A5D /* Solution_test.xctest */ = {isa = PBXFileReference; explicitFileType = wrapper.cfbundle; includeInIndex = 0; path = Solution_test.xctest; sourceTree = BUILT_PRODUCTS_DIR; };
		625CDF252625119D00CC7A5D /* Solution_test.swift */ = {isa = PBXFileReference; lastKnownFileType = sourcecode.swift; path = Solution_test.swift; sourceTree = "<group>"; };
		625CDF272625119D00CC7A5D /* Info.plist */ = {isa = PBXFileReference; lastKnownFileType = text.plist.xml; path = Info.plist; sourceTree = "<group>"; };
/* End PBXFileReference section */

/* Begin PBXFrameworksBuildPhase section */
		625CDF112625115A00CC7A5D /* Frameworks */ = {
			isa = PBXFrameworksBuildPhase;
			buildActionMask = 2147483647;
			files = (
			);
			runOnlyForDeploymentPostprocessing = 0;
		};
		625CDF202625119D00CC7A5D /* Frameworks */ = {
			isa = PBXFrameworksBuildPhase;
			buildActionMask = 2147483647;
			files = (
			);
			runOnlyForDeploymentPostprocessing = 0;
		};
/* End PBXFrameworksBuildPhase section */

/* Begin PBXGroup section */
		625CDF0B2625115A00CC7A5D = {
			isa = PBXGroup;
			children = (
				625CDF162625115A00CC7A5D /* Solution_swift */,
				625CDF242625119D00CC7A5D /* Solution_test */,
				625CDF152625115A00CC7A5D /* Products */,
			);
			sourceTree = "<group>";
		};
		625CDF152625115A00CC7A5D /* Products */ = {
			isa = PBXGroup;
			children = (
				625CDF142625115A00CC7A5D /* Solution_swift */,
				625CDF232625119D00CC7A5D /* Solution_test.xctest */,
			);
			name = Products;
			sourceTree = "<group>";
		};
		625CDF162625115A00CC7A5D /* Solution_swift */ = {
			isa = PBXGroup;
			children = (
				625CDF172625115A00CC7A5D /* main.swift */,
			);
			path = Solution_swift;
			sourceTree = "<group>";
		};
		625CDF242625119D00CC7A5D /* Solution_test */ = {
			isa = PBXGroup;
			children = (
				625CDF252625119D00CC7A5D /* Solution_test.swift */,
				625CDF272625119D00CC7A5D /* Info.plist */,
			);
			path = Solution_test;
			sourceTree = "<group>";
		};
/* End PBXGroup section */

/* Begin PBXNativeTarget section */
		625CDF132625115A00CC7A5D /* Solution_swift */ = {
			isa = PBXNativeTarget;
			buildConfigurationList = 625CDF1B2625115A00CC7A5D /* Build configuration list for PBXNativeTarget "Solution_swift" */;
			buildPhases = (
				625CDF102625115A00CC7A5D /* Sources */,
				625CDF112625115A00CC7A5D /* Frameworks */,
				625CDF122625115A00CC7A5D /* CopyFiles */,
			);
			buildRules = (
			);
			dependencies = (
			);
			name = Solution_swift;
			productName = Solution_swift;
			productReference = 625CDF142625115A00CC7A5D /* Solution_swift */;
			productType = "com.apple.product-type.tool";
		};
		625CDF222625119D00CC7A5D /* Solution_test */ = {
			isa = PBXNativeTarget;
			buildConfigurationList = 625CDF282625119D00CC7A5D /* Build configuration list for PBXNativeTarget "Solution_test" */;
			buildPhases = (
				625CDF1F2625119D00CC7A5D /* Sources */,
				625CDF202625119D00CC7A5D /* Frameworks */,
				625CDF212625119D00CC7A5D /* Resources */,
			);
			buildRules = (
			);
			dependencies = (
			);
			name = Solution_test;
			productName = Solution_test;
			productReference = 625CDF232625119D00CC7A5D /* Solution_test.xctest */;
			productType = "com.apple.product-type.bundle.unit-test";
		};
/* End PBXNativeTarget section */

/* Begin PBXProject section */
		625CDF0C2625115A00CC7A5D /* Project object */ = {
			isa = PBXProject;
			attributes = {
				LastSwiftUpdateCheck = 1240;
				LastUpgradeCheck = 1240;
				TargetAttributes = {
					625CDF132625115A00CC7A5D = {
						CreatedOnToolsVersion = 12.4;
					};
					625CDF222625119D00CC7A5D = {
						CreatedOnToolsVersion = 12.4;
					};
				};
			};
			buildConfigurationList = 625CDF0F2625115A00CC7A5D /* Build configuration list for PBXProject "Solution_swift" */;
			compatibilityVersion = "Xcode 9.3";
			developmentRegion = en;
			hasScannedForEncodings = 0;
			knownRegions = (
				en,
				Base,
			);
			mainGroup = 625CDF0B2625115A00CC7A5D;
			productRefGroup = 625CDF152625115A00CC7A5D /* Products */;
			projectDirPath = "";
			projectRoot = "";
			targets = (
				625CDF132625115A00CC7A5D /* Solution_swift */,
				625CDF222625119D00CC7A5D /* Solution_test */,
			);
		};
/* End PBXProject section */

/* Begin PBXResourcesBuildPhase section */
		625CDF212625119D00CC7A5D /* Resources */ = {
			isa = PBXResourcesBuildPhase;
			buildActionMask = 2147483647;
			files = (
			);
			runOnlyForDeploymentPostprocessing = 0;
		};
/* End PBXResourcesBuildPhase section */

/* Begin PBXSourcesBuildPhase section */
		625CDF102625115A00CC7A5D /* Sources */ = {
			isa = PBXSourcesBuildPhase;
			buildActionMask = 2147483647;
			files = (
				625CDF182625115A00CC7A5D /* main.swift in Sources */,
			);
			runOnlyForDeploymentPostprocessing = 0;
		};
		625CDF1F2625119D00CC7A5D /* Sources */ = {
			isa = PBXSourcesBuildPhase;
			buildActionMask = 2147483647;
			files = (
				625CDF2D262511A600CC7A5D /* main.swift in Sources */,
				625CDF262625119D00CC7A5D /* Solution_test.swift in Sources */,
			);
			runOnlyForDeploymentPostprocessing = 0;
		};
/* End PBXSourcesBuildPhase section */

/* Begin XCBuildConfiguration section */
		625CDF192625115A00CC7A5D /* Debug */ = {
			isa = XCBuildConfiguration;
			buildSettings = {
				ALWAYS_SEARCH_USER_PATHS = NO;
				CLANG_ANALYZER_NONNULL = YES;
				CLANG_ANALYZER_NUMBER_OBJECT_CONVERSION = YES_AGGRESSIVE;
				CLANG_CXX_LANGUAGE_STANDARD = "gnu++14";
				CLANG_CXX_LIBRARY = "libc++";
				CLANG_ENABLE_MODULES = YES;
				CLANG_ENABLE_OBJC_ARC = YES;
				CLANG_ENABLE_OBJC_WEAK = YES;
				CLANG_WARN_BLOCK_CAPTURE_AUTORELEASING = YES;
				CLANG_WARN_BOOL_CONVERSION = YES;
				CLANG_WARN_COMMA = YES;
				CLANG_WARN_CONSTANT_CONVERSION = YES;
				CLANG_WARN_DEPRECATED_OBJC_IMPLEMENTATIONS = YES;
				CLANG_WARN_DIRECT_OBJC_ISA_USAGE = YES_ERROR;
				CLANG_WARN_DOCUMENTATION_COMMENTS = YES;
				CLANG_WARN_EMPTY_BODY = YES;
				CLANG_WARN_ENUM_CONVERSION = YES;
				CLANG_WARN_INFINITE_RECURSION = YES;
				CLANG_WARN_INT_CONVERSION = YES;
				CLANG_WARN_NON_LITERAL_NULL_CONVERSION = YES;
				CLANG_WARN_OBJC_IMPLICIT_RETAIN_SELF = YES;
				CLANG_WARN_OBJC_LITERAL_CONVERSION = YES;
				CLANG_WARN_OBJC_ROOT_CLASS = YES_ERROR;
				CLANG_WARN_QUOTED_INCLUDE_IN_FRAMEWORK_HEADER = YES;
				CLANG_WARN_RANGE_LOOP_ANALYSIS = YES;
				CLANG_WARN_STRICT_PROTOTYPES = YES;
				CLANG_WARN_SUSPICIOUS_MOVE = YES;
				CLANG_WARN_UNGUARDED_AVAILABILITY = YES_AGGRESSIVE;
				CLANG_WARN_UNREACHABLE_CODE = YES;
				CLANG_WARN__DUPLICATE_METHOD_MATCH = YES;
				COPY_PHASE_STRIP = NO;
				DEBUG_INFORMATION_FORMAT = dwarf;
				ENABLE_STRICT_OBJC_MSGSEND = YES;
				ENABLE_TESTABILITY = YES;
				GCC_C_LANGUAGE_STANDARD = gnu11;
				GCC_DYNAMIC_NO_PIC = NO;
				GCC_NO_COMMON_BLOCKS = YES;
				GCC_OPTIMIZATION_LEVEL = 0;
				GCC_PREPROCESSOR_DEFINITIONS = (
					"DEBUG=1",
					"$(inherited)",
				);
				GCC_WARN_64_TO_32_BIT_CONVERSION = YES;
				GCC_WARN_ABOUT_RETURN_TYPE = YES_ERROR;
				GCC_WARN_UNDECLARED_SELECTOR = YES;
				GCC_WARN_UNINITIALIZED_AUTOS = YES_AGGRESSIVE;
				GCC_WARN_UNUSED_FUNCTION = YES;
				GCC_WARN_UNUSED_VARIABLE = YES;
				MACOSX_DEPLOYMENT_TARGET = 11.1;
				MTL_ENABLE_DEBUG_INFO = INCLUDE_SOURCE;
				MTL_FAST_MATH = YES;
				ONLY_ACTIVE_ARCH = YES;
				SDKROOT = macosx;
				SWIFT_ACTIVE_COMPILATION_CONDITIONS = DEBUG;
				SWIFT_OPTIMIZATION_LEVEL = "-Onone";
			};
			name = Debug;
		};
		625CDF1A2625115A00CC7A5D /* Release */ = {
			isa = XCBuildConfiguration;
			buildSettings = {
				ALWAYS_SEARCH_USER_PATHS = NO;
				CLANG_ANALYZER_NONNULL = YES;
				CLANG_ANALYZER_NUMBER_OBJECT_CONVERSION = YES_AGGRESSIVE;
				CLANG_CXX_LANGUAGE_STANDARD = "gnu++14";
				CLANG_CXX_LIBRARY = "libc++";
				CLANG_ENABLE_MODULES = YES;
				CLANG_ENABLE_OBJC_ARC = YES;
				CLANG_ENABLE_OBJC_WEAK = YES;
				CLANG_WARN_BLOCK_CAPTURE_AUTORELEASING = YES;
				CLANG_WARN_BOOL_CONVERSION = YES;
				CLANG_WARN_COMMA = YES;
				CLANG_WARN_CONSTANT_CONVERSION = YES;
				CLANG_WARN_DEPRECATED_OBJC_IMPLEMENTATIONS = YES;
				CLANG_WARN_DIRECT_OBJC_ISA_USAGE = YES_ERROR;
				CLANG_WARN_DOCUMENTATION_COMMENTS = YES;
				CLANG_WARN_EMPTY_BODY = YES;
				CLANG_WARN_ENUM_CONVERSION = YES;
				CLANG_WARN_INFINITE_RECURSION = YES;
				CLANG_WARN_INT_CONVERSION = YES;
				CLANG_WARN_NON_LITERAL_NULL_CONVERSION = YES;
				CLANG_WARN_OBJC_IMPLICIT_RETAIN_SELF = YES;
				CLANG_WARN_OBJC_LITERAL_CONVERSION = YES;
				CLANG_WARN_OBJC_ROOT_CLASS = YES_ERROR;
				CLANG_WARN_QUOTED_INCLUDE_IN_FRAMEWORK_HEADER = YES;
				CLANG_WARN_RANGE_LOOP_ANALYSIS = YES;
				CLANG_WARN_STRICT_PROTOTYPES = YES;
				CLANG_WARN_SUSPICIOUS_MOVE = YES;
				CLANG_WARN_UNGUARDED_AVAILABILITY = YES_AGGRESSIVE;
				CLANG_WARN_UNREACHABLE_CODE = YES;
				CLANG_WARN__DUPLICATE_METHOD_MATCH = YES;
				COPY_PHASE_STRIP = NO;
				DEBUG_INFORMATION_FORMAT = "dwarf-with-dsym";
				ENABLE_NS_ASSERTIONS = NO;
				ENABLE_STRICT_OBJC_MSGSEND = YES;
				GCC_C_LANGUAGE_STANDARD = gnu11;
				GCC_NO_COMMON_BLOCKS = YES;
				GCC_WARN_64_TO_32_BIT_CONVERSION = YES;
				GCC_WARN_ABOUT_RETURN_TYPE = YES_ERROR;
				GCC_WARN_UNDECLARED_SELECTOR = YES;
				GCC_WARN_UNINITIALIZED_AUTOS = YES_AGGRESSIVE;
				GCC_WARN_UNUSED_FUNCTION = YES;
				GCC_WARN_UNUSED_VARIABLE = YES;
				MACOSX_DEPLOYMENT_TARGET = 11.1;
				MTL_ENABLE_DEBUG_INFO = NO;
				MTL_FAST_MATH = YES;
				SDKROOT = macosx;
				SWIFT_COMPILATION_MODE = wholemodule;
				SWIFT_OPTIMIZATION_LEVEL = "-O";
			};
			name = Release;
		};
		625CDF1C2625115A00CC7A5D /* Debug */ = {
			isa = XCBuildConfiguration;
			buildSettings = {
				CODE_SIGN_STYLE = Automatic;
				DEVELOPMENT_TEAM = S632SEP67W;
				ENABLE_HARDENED_RUNTIME = YES;
				PRODUCT_NAME = "$(TARGET_NAME)";
				SWIFT_VERSION = 5.0;
			};
			name = Debug;
		};
		625CDF1D2625115A00CC7A5D /* Release */ = {
			isa = XCBuildConfiguration;
			buildSettings = {
				CODE_SIGN_STYLE = Automatic;
				DEVELOPMENT_TEAM = S632SEP67W;
				ENABLE_HARDENED_RUNTIME = YES;
				PRODUCT_NAME = "$(TARGET_NAME)";
				SWIFT_VERSION = 5.0;
			};
			name = Release;
		};
		625CDF292625119D00CC7A5D /* Debug */ = {
			isa = XCBuildConfiguration;
			buildSettings = {
				CODE_SIGN_STYLE = Automatic;
				COMBINE_HIDPI_IMAGES = YES;
				DEVELOPMENT_TEAM = S632SEP67W;
				INFOPLIST_FILE = Solution_test/Info.plist;
				LD_RUNPATH_SEARCH_PATHS = (
					"$(inherited)",
					"@executable_path/../Frameworks",
					"@loader_path/../Frameworks",
				);
				PRODUCT_BUNDLE_IDENTIFIER = "patoresing.Solution-test";
				PRODUCT_NAME = "$(TARGET_NAME)";
				SWIFT_VERSION = 5.0;
			};
			name = Debug;
		};
		625CDF2A2625119D00CC7A5D /* Release */ = {
			isa = XCBuildConfiguration;
			buildSettings = {
				CODE_SIGN_STYLE = Automatic;
				COMBINE_HIDPI_IMAGES = YES;
				DEVELOPMENT_TEAM = S632SEP67W;
				INFOPLIST_FILE = Solution_test/Info.plist;
				LD_RUNPATH_SEARCH_PATHS = (
					"$(inherited)",
					"@executable_path/../Frameworks",
					"@loader_path/../Frameworks",
				);
				PRODUCT_BUNDLE_IDENTIFIER = "patoresing.Solution-test";
				PRODUCT_NAME = "$(TARGET_NAME)";
				SWIFT_VERSION = 5.0;
			};
			name = Release;
		};
/* End XCBuildConfiguration section */

/* Begin XCConfigurationList section */
		625CDF0F2625115A00CC7A5D /* Build configuration list for PBXProject "Solution_swift" */ = {
			isa = XCConfigurationList;
			buildConfigurations = (
				625CDF192625115A00CC7A5D /* Debug */,
				625CDF1A2625115A00CC7A5D /* Release */,
			);
			defaultConfigurationIsVisible = 0;
			defaultConfigurationName = Release;
		};
		625CDF1B2625115A00CC7A5D /* Build configuration list for PBXNativeTarget "Solution_swift" */ = {
			isa = XCConfigurationList;
			buildConfigurations = (
				625CDF1C2625115A00CC7A5D /* Debug */,
				625CDF1D2625115A00CC7A5D /* Release */,
			);
			defaultConfigurationIsVisible = 0;
			defaultConfigurationName = Release;
		};
		625CDF282625119D00CC7A5D /* Build configuration list for PBXNativeTarget "Solution_test" */ = {
			isa = XCConfigurationList;
			buildConfigurations = (
				625CDF292625119D00CC7A5D /* Debug */,
				625CDF2A2625119D00CC7A5D /* Release */,
			);
			defaultConfigurationIsVisible = 0;
			defaultConfigurationName = Release;
		};
/* End XCConfigurationList section */
	};
	rootObject = 625CDF0C2625115A00CC7A5D /* Project object */;
}
